<?xml version="1.0" encoding="utf-8"?>
<Project ToolsVersion="4.0" xmlns="http://schemas.microsoft.com/developer/msbuild/2003">
  <ItemGroup>
    <Filter Include="Source Files">
      <UniqueIdentifier>{d039d282-4a3b-4735-9522-d46f446d120e}</UniqueIdentifier>
    </Filter>
    <Filter Include="Header Files">
      <UniqueIdentifier>{f87524b7-b50f-4ab7-84c8-e5b910898b07}</UniqueIdentifier>
    </Filter>
    <Filter Include="Libraries">
      <UniqueIdentifier>{1a7fbad0-644f-43e3-9599-e6d007cadd06}</UniqueIdentifier>
    </Filter>
    <Filter Include="Header Files\Libraries">
      <UniqueIdentifier>{2c7fd581-1212-46c4-a7df-71bd154f702b}</UniqueIdentifier>
    </Filter>
  </ItemGroup>
  <ItemGroup>
    <ClInclude Include="zernike.h">
      <Filter>Header Files</Filter>
    </ClInclude>
    <ClInclude Include="..\libs\libtiff\tiffvers.h">
      <Filter>Header Files\Libraries</Filter>
    </ClInclude>
    <ClInclude Include="..\libs\libtiff\tiffio.h">
      <Filter>Header Files\Libraries</Filter>
    </ClInclude>
    <ClInclude Include="..\libs\libtiff\tiffconf.h">
      <Filter>Header Files\Libraries</Filter>
    </ClInclude>
    <ClInclude Include="..\libs\libtiff\tiff.h">
      <Filter>Header Files\Libraries</Filter>
    </ClInclude>
    <ClInclude Include="..\libs\fftw\64bit\fftw-3.2.2-dll64\fftw3.h">
      <Filter>Header Files\Libraries</Filter>
    </ClInclude>
    <ClInclude Include="signatures.h">
      <Filter>Header Files</Filter>
    </ClInclude>
    <ClInclude Include="image_matrix.h">
      <Filter>Header Files</Filter>
    </ClInclude>
    <ClInclude Include="haarlick.h">
      <Filter>Header Files</Filter>
    </ClInclude>
    <ClInclude Include="CVIPtexture.h">
      <Filter>Header Files</Filter>
    </ClInclude>
    <ClInclude Include="FuzzyCalc.h">
      <Filter>Header Files</Filter>
    </ClInclude>
    <ClInclude Include="sndfile.h">
      <Filter>Header Files</Filter>
    </ClInclude>
  </ItemGroup>
  <ItemGroup>
    <ClCompile Include="main.cpp">
      <Filter>Source Files</Filter>
    </ClCompile>
    <ClCompile Include="haarlick.cu">
      <Filter>Source Files</Filter>
    </ClCompile>
    <ClCompile Include="FuzzyCalc.cu">
      <Filter>Source Files</Filter>
    </ClCompile>
    <ClCompile Include="CVIPtexture.cu">
      <Filter>Source Files</Filter>
    </ClCompile>
    <ClCompile Include="image_matrix.cu">
      <Filter>Source Files</Filter>
    </ClCompile>
  </ItemGroup>
  <ItemGroup>
    <Library Include="..\libs\fftw\64bit\fftw-3.2.2-dll64\libfftw3-3.lib">
      <Filter>Libraries</Filter>
    </Library>
    <Library Include="..\libs\libtiff\libtiff.lib">
      <Filter>Libraries</Filter>
    </Library>
  </ItemGroup>
  <ItemGroup>
    <CudaCompile Include="signatures.cu">
      <Filter>Source Files</Filter>
    </CudaCompile>
  </ItemGroup>
</Project>