<?xml version="1.0" encoding="utf-8"?>
<Project ToolsVersion="4.0" xmlns="http://schemas.microsoft.com/developer/msbuild/2003">
  <ItemGroup>
    <CudaCompile Include="cuda_signatures.cu">
      <Filter>Source</Filter>
    </CudaCompile>
    <CudaCompile Include="textures\haralick\haralick.cu">
      <Filter>Source\textures\haralick</Filter>
    </CudaCompile>
    <CudaCompile Include="textures\zernike\zernike.cu">
      <Filter>Source\textures\zernike</Filter>
    </CudaCompile>
    <CudaCompile Include="textures\zernike\cuda_complex.cu">
      <Filter>Source\textures\zernike</Filter>
    </CudaCompile>
    <CudaCompile Include="transforms\chebyshev.cu">
      <Filter>Source\transforms</Filter>
    </CudaCompile>
    <CudaCompile Include="image\fractal.cu">
      <Filter>Source\image</Filter>
    </CudaCompile>
    <CudaCompile Include="image\histogram.cu">
      <Filter>Source\image</Filter>
    </CudaCompile>
    <CudaCompile Include="image\image_matrix.cu">
      <Filter>Source\image</Filter>
    </CudaCompile>
    <CudaCompile Include="textures\haralick\CVIPtexture.cu">
      <Filter>Source\textures\haralick</Filter>
    </CudaCompile>
  </ItemGroup>
  <ItemGroup>
    <ClCompile Include="colors\FuzzyCalc.cpp">
      <Filter>Source\colors</Filter>
    </ClCompile>
    <ClCompile Include="utils\DirectoryListing.cpp">
      <Filter>Source\utils</Filter>
    </ClCompile>
    <ClCompile Include="utils\Utils.cpp">
      <Filter>Source\utils</Filter>
    </ClCompile>
    <ClCompile Include="utils\file_manip.cpp">
      <Filter>Source\utils</Filter>
    </ClCompile>
    <ClCompile Include="udat_on_cuda.cpp">
      <Filter>Source</Filter>
    </ClCompile>
  </ItemGroup>
  <ItemGroup>
    <ClInclude Include="libs\libtiff\tiffio.h">
      <Filter>Source\libs\libtiff</Filter>
    </ClInclude>
    <ClInclude Include="libs\libtiff\tiffvers.h">
      <Filter>Source\libs\libtiff</Filter>
    </ClInclude>
    <ClInclude Include="libs\libtiff\tiffconf.h">
      <Filter>Source\libs\libtiff</Filter>
    </ClInclude>
    <ClInclude Include="libs\libtiff\tiff.h">
      <Filter>Source\libs\libtiff</Filter>
    </ClInclude>
    <ClInclude Include="image\image_matrix.h">
      <Filter>Source\image</Filter>
    </ClInclude>
    <ClInclude Include="image\histogram.h">
      <Filter>Source\image</Filter>
    </ClInclude>
    <ClInclude Include="image\fractal.h">
      <Filter>Source\image</Filter>
    </ClInclude>
    <ClInclude Include="colors\FuzzyCalc.h">
      <Filter>Source\colors</Filter>
    </ClInclude>
    <ClInclude Include="textures\haralick\CVIPtexture.h">
      <Filter>Source\textures\haralick</Filter>
    </ClInclude>
    <ClInclude Include="textures\haralick\haralick.h">
      <Filter>Source\textures\haralick</Filter>
    </ClInclude>
    <ClInclude Include="textures\zernike\cuda_complex.h">
      <Filter>Source\textures\zernike</Filter>
    </ClInclude>
    <ClInclude Include="textures\zernike\zernike.h">
      <Filter>Source\textures\zernike</Filter>
    </ClInclude>
    <ClInclude Include="transforms\chebyshev.h">
      <Filter>Source\transforms</Filter>
    </ClInclude>
    <ClInclude Include="utils\cuda_utils.h">
      <Filter>Source\utils</Filter>
    </ClInclude>
    <ClInclude Include="utils\DirectoryListing.h">
      <Filter>Source\utils</Filter>
    </ClInclude>
    <ClInclude Include="utils\file_manip.h">
      <Filter>Source\utils</Filter>
    </ClInclude>
    <ClInclude Include="utils\Utils.h">
      <Filter>Source\utils</Filter>
    </ClInclude>
    <ClInclude Include="constants.h">
      <Filter>Source</Filter>
    </ClInclude>
    <ClInclude Include="cuda_signatures.h">
      <Filter>Source</Filter>
    </ClInclude>
    <ClInclude Include="signatures.h">
      <Filter>Source</Filter>
    </ClInclude>
    <ClInclude Include="udat_on_cuda.h">
      <Filter>Source</Filter>
    </ClInclude>
  </ItemGroup>
  <ItemGroup>
    <Filter Include="Source">
      <UniqueIdentifier>{185dca98-6193-4411-b261-275cc5d67136}</UniqueIdentifier>
    </Filter>
    <Filter Include="Libraries">
      <UniqueIdentifier>{0461571d-fe9f-4626-a80d-155a1c41bb1b}</UniqueIdentifier>
    </Filter>
    <Filter Include="Source\colors">
      <UniqueIdentifier>{88da241a-afb9-4fe2-89ef-3570b7374167}</UniqueIdentifier>
    </Filter>
    <Filter Include="Source\textures">
      <UniqueIdentifier>{c4926095-b485-45e2-91d5-bfa9498c00b0}</UniqueIdentifier>
    </Filter>
    <Filter Include="Source\textures\haralick">
      <UniqueIdentifier>{7ebbc7eb-e6d4-4e2f-a614-be2aa8929084}</UniqueIdentifier>
    </Filter>
    <Filter Include="Source\textures\zernike">
      <UniqueIdentifier>{38307fd3-10b5-4904-a33b-6f761947bdaf}</UniqueIdentifier>
    </Filter>
    <Filter Include="Source\utils">
      <UniqueIdentifier>{50832648-4941-43f3-b59b-152aac5f9191}</UniqueIdentifier>
    </Filter>
    <Filter Include="Source\transforms">
      <UniqueIdentifier>{439cbf1a-5f15-4d32-8a49-63030a44bc3f}</UniqueIdentifier>
    </Filter>
    <Filter Include="Source\image">
      <UniqueIdentifier>{558a73a2-da20-4c3b-b35d-e5acd03e163f}</UniqueIdentifier>
    </Filter>
    <Filter Include="Source\libs">
      <UniqueIdentifier>{7a28c0df-925c-489f-8613-e66f368ea030}</UniqueIdentifier>
    </Filter>
    <Filter Include="Source\libs\libtiff">
      <UniqueIdentifier>{6f8b5878-ab5b-426d-a5f8-c8e075d8e5b0}</UniqueIdentifier>
    </Filter>
  </ItemGroup>
  <ItemGroup>
    <Library Include="libs\libtiff\libtiff.lib">
      <Filter>Libraries</Filter>
    </Library>
  </ItemGroup>
</Project>