<?xml version="1.0" encoding="utf-8"?>
<Project ToolsVersion="4.0" xmlns="http://schemas.microsoft.com/developer/msbuild/2003">
  <ItemGroup>
    <Filter Include="Source Files">
      <UniqueIdentifier>{d039d282-4a3b-4735-9522-d46f446d120e}</UniqueIdentifier>
    </Filter>
    <Filter Include="Header Files">
      <UniqueIdentifier>{f87524b7-b50f-4ab7-84c8-e5b910898b07}</UniqueIdentifier>
    </Filter>
    <Filter Include="Libraries">
      <UniqueIdentifier>{1a7fbad0-644f-43e3-9599-e6d007cadd06}</UniqueIdentifier>
    </Filter>
    <Filter Include="Source Files\textures">
      <UniqueIdentifier>{afd1a77e-35b9-4cff-9ae7-cc3de61d1e3e}</UniqueIdentifier>
    </Filter>
    <Filter Include="Source Files\textures\zernike">
      <UniqueIdentifier>{f30a22ee-2ab7-4efc-9850-fe82e826f179}</UniqueIdentifier>
    </Filter>
    <Filter Include="Header Files\textures">
      <UniqueIdentifier>{23903cb9-6fc7-4f88-8ed1-03433d94e3d7}</UniqueIdentifier>
    </Filter>
    <Filter Include="Header Files\textures\zernike">
      <UniqueIdentifier>{daa2efa6-65e9-4c19-9477-62fdd7883748}</UniqueIdentifier>
    </Filter>
    <Filter Include="Header Files\libs">
      <UniqueIdentifier>{a8647e75-99b4-43a9-a86e-ce94716b7889}</UniqueIdentifier>
    </Filter>
    <Filter Include="Header Files\libs\libtiff">
      <UniqueIdentifier>{fa18fbc8-6144-4be0-ad2a-282df21820c0}</UniqueIdentifier>
    </Filter>
    <Filter Include="Source Files\colors">
      <UniqueIdentifier>{ba0bf78f-fe6b-4298-911a-c3068d56ba66}</UniqueIdentifier>
    </Filter>
    <Filter Include="Header Files\colors">
      <UniqueIdentifier>{935213f5-5c0d-49c3-b7e3-d95fadfa9ec9}</UniqueIdentifier>
    </Filter>
  </ItemGroup>
  <ItemGroup>
    <ClInclude Include="signatures.h">
      <Filter>Header Files</Filter>
    </ClInclude>
    <ClInclude Include="image_matrix.h">
      <Filter>Header Files</Filter>
    </ClInclude>
    <ClInclude Include="zernike.h">
      <Filter>Header Files\textures\zernike</Filter>
    </ClInclude>
    <ClInclude Include="file_manip.h">
      <Filter>Header Files</Filter>
    </ClInclude>
    <ClInclude Include="libs\libtiff\tiff.h">
      <Filter>Header Files\libs\libtiff</Filter>
    </ClInclude>
    <ClInclude Include="libs\libtiff\tiffconf.h">
      <Filter>Header Files\libs\libtiff</Filter>
    </ClInclude>
    <ClInclude Include="libs\libtiff\tiffio.h">
      <Filter>Header Files\libs\libtiff</Filter>
    </ClInclude>
    <ClInclude Include="libs\libtiff\tiffvers.h">
      <Filter>Header Files\libs\libtiff</Filter>
    </ClInclude>
    <ClInclude Include="colors\FuzzyCalc.h">
      <Filter>Header Files\colors</Filter>
    </ClInclude>
  </ItemGroup>
  <ItemGroup>
    <ClCompile Include="main.cpp">
      <Filter>Source Files</Filter>
    </ClCompile>
    <ClCompile Include="file_manip.cpp">
      <Filter>Source Files</Filter>
    </ClCompile>
    <ClCompile Include="colors\FuzzyCalc.cpp">
      <Filter>Source Files\colors</Filter>
    </ClCompile>
  </ItemGroup>
  <ItemGroup>
    <CudaCompile Include="signatures.cu">
      <Filter>Source Files</Filter>
    </CudaCompile>
    <CudaCompile Include="zernike.cu">
      <Filter>Source Files\textures\zernike</Filter>
    </CudaCompile>
    <CudaCompile Include="image_matrix.cu">
      <Filter>Source Files</Filter>
    </CudaCompile>
  </ItemGroup>
  <ItemGroup>
    <Library Include="libs\libtiff\libtiff.lib">
      <Filter>Libraries</Filter>
    </Library>
  </ItemGroup>
</Project>